<?xml version="1.0" encoding="utf-8"?>
<Project ToolsVersion="4.0" xmlns="http://schemas.microsoft.com/developer/msbuild/2003">
  <ItemGroup>
    <Filter Include="源文件">
      <UniqueIdentifier>{4FC737F1-C7A5-4376-A066-2A32D752A2FF}</UniqueIdentifier>
      <Extensions>cpp;c;cc;cxx;def;odl;idl;hpj;bat;asm;asmx</Extensions>
    </Filter>
    <Filter Include="头文件">
      <UniqueIdentifier>{93995380-89BD-4b04-88EB-625FBE52EBFB}</UniqueIdentifier>
      <Extensions>h;hpp;hxx;hm;inl;inc;xsd</Extensions>
    </Filter>
    <Filter Include="资源文件">
      <UniqueIdentifier>{67DA6AB6-F800-4c08-8B7A-83BB121AAD01}</UniqueIdentifier>
      <Extensions>rc;ico;cur;bmp;dlg;rc2;rct;bin;rgs;gif;jpg;jpeg;jpe;resx;tiff;tif;png;wav;mfcribbon-ms</Extensions>
    </Filter>
    <Filter Include="源文件\AppBase">
      <UniqueIdentifier>{27e98af0-03f3-4d7a-8e5f-840601b54bfc}</UniqueIdentifier>
    </Filter>
    <Filter Include="源文件\DX">
      <UniqueIdentifier>{f4509573-5b49-4336-8f8b-63adba73d86d}</UniqueIdentifier>
    </Filter>
    <Filter Include="源文件\Camera">
      <UniqueIdentifier>{b35367ee-f52a-4dd4-9f14-f2449604ba4c}</UniqueIdentifier>
    </Filter>
    <Filter Include="源文件\Log">
      <UniqueIdentifier>{f9756055-4547-43e5-9ff4-2b0e7a203c36}</UniqueIdentifier>
    </Filter>
    <Filter Include="源文件\InPut">
      <UniqueIdentifier>{9d8d50e2-5233-4d14-8e38-57389cf7422b}</UniqueIdentifier>
    </Filter>
    <Filter Include="源文件\Util">
      <UniqueIdentifier>{9e9a1fbb-84ee-4a1f-9ea1-47bdfde46e1c}</UniqueIdentifier>
    </Filter>
    <Filter Include="源文件\Global">
      <UniqueIdentifier>{e3303e66-955e-4afe-8f16-6da2f057c0e4}</UniqueIdentifier>
    </Filter>
    <Filter Include="RendSystem">
      <UniqueIdentifier>{254a2cf7-106a-4278-9053-244ca686fd1d}</UniqueIdentifier>
    </Filter>
    <Filter Include="Resource">
      <UniqueIdentifier>{4e2595bb-c546-49b7-b409-da073ad7e5b2}</UniqueIdentifier>
    </Filter>
    <Filter Include="math">
      <UniqueIdentifier>{3eaa857d-f522-4d24-8073-b342c7351956}</UniqueIdentifier>
    </Filter>
    <Filter Include="Impl">
      <UniqueIdentifier>{a5d08ef8-bcc6-4394-a5f7-98a7c16f9b3e}</UniqueIdentifier>
    </Filter>
  </ItemGroup>
  <ItemGroup>
    <Text Include="ReadMe.txt" />
  </ItemGroup>
  <ItemGroup>
    <ClInclude Include="stdafx.h">
      <Filter>头文件</Filter>
    </ClInclude>
    <ClInclude Include="targetver.h">
      <Filter>头文件</Filter>
    </ClInclude>
    <ClInclude Include="..\AppBase\DxWindown.h">
      <Filter>源文件\AppBase</Filter>
    </ClInclude>
    <ClInclude Include="..\AppBase\Win32MsgBox.h">
      <Filter>源文件\AppBase</Filter>
    </ClInclude>
    <ClInclude Include="..\AppBase\DxApp.h">
      <Filter>源文件\AppBase</Filter>
    </ClInclude>
    <ClInclude Include="..\D3D\D3DUtil.h">
      <Filter>源文件\DX</Filter>
    </ClInclude>
    <ClInclude Include="..\Log\ErrorInfo.h">
      <Filter>源文件\Log</Filter>
    </ClInclude>
    <ClInclude Include="..\camera\CamaraBase.h">
      <Filter>源文件\Camera</Filter>
    </ClInclude>
    <ClInclude Include="..\camera\FPSCamera.h">
      <Filter>源文件\Camera</Filter>
    </ClInclude>
    <ClInclude Include="..\CommenCode\InPut\DXInPutManager.h">
      <Filter>源文件\InPut</Filter>
    </ClInclude>
    <ClInclude Include="..\CommenCode\Util\FileOperation.h">
      <Filter>源文件\Util</Filter>
    </ClInclude>
    <ClInclude Include="..\D3D\D3DXMesh.h">
      <Filter>源文件\DX</Filter>
    </ClInclude>
    <ClInclude Include="DXdefine.h">
      <Filter>头文件</Filter>
    </ClInclude>
    <ClInclude Include="..\D3D\Terrain.h">
      <Filter>源文件\DX</Filter>
    </ClInclude>
    <ClInclude Include="..\D3D\SkyBox.h">
      <Filter>源文件\DX</Filter>
    </ClInclude>
    <ClInclude Include="..\Game\GameApp.h">
      <Filter>源文件</Filter>
    </ClInclude>
    <ClInclude Include="..\D3D\DXFront.h">
      <Filter>源文件\DX</Filter>
    </ClInclude>
    <ClInclude Include="..\D3D\Particle.h">
      <Filter>源文件\DX</Filter>
    </ClInclude>
    <ClInclude Include="..\DxGlobal\DxGlobal.h">
      <Filter>源文件\Global</Filter>
    </ClInclude>
    <ClInclude Include="..\AppBase\GlobalConfig.h">
      <Filter>源文件\Global</Filter>
    </ClInclude>
    <ClInclude Include="..\D3D\RenderInfo.h">
      <Filter>源文件\DX</Filter>
    </ClInclude>
    <ClInclude Include="..\D3D\RunTimeInfo.h">
      <Filter>源文件\DX</Filter>
    </ClInclude>
    <ClInclude Include="..\NV\include\nv_util\NV_ASE.H">
      <Filter>Resource</Filter>
    </ClInclude>
    <ClInclude Include="..\NV\include\glh\glh_linear.h">
      <Filter>Resource</Filter>
    </ClInclude>
    <ClInclude Include="..\Engine\include\STLDefine.h">
      <Filter>Resource</Filter>
    </ClInclude>
    <ClInclude Include="..\CommenCode\idMath\Heap.h">
      <Filter>math</Filter>
    </ClInclude>
    <ClInclude Include="..\CommenCode\idMath\shared_pointer.h">
      <Filter>math</Filter>
    </ClInclude>
    <ClInclude Include="..\CommenCode\idMath\simple_profile.h">
      <Filter>math</Filter>
    </ClInclude>
    <ClInclude Include="..\CommenCode\idMath\Str.h">
      <Filter>math</Filter>
    </ClInclude>
    <ClInclude Include="..\CommenCode\idMath\math\Angles.h">
      <Filter>math</Filter>
    </ClInclude>
    <ClInclude Include="..\CommenCode\idMath\math\cpuid.h">
      <Filter>math</Filter>
    </ClInclude>
    <ClInclude Include="..\CommenCode\idMath\math\IDLIB.h">
      <Filter>math</Filter>
    </ClInclude>
    <ClInclude Include="..\CommenCode\idMath\math\Math.h">
      <Filter>math</Filter>
    </ClInclude>
    <ClInclude Include="..\CommenCode\idMath\math\Matrix.h">
      <Filter>math</Filter>
    </ClInclude>
    <ClInclude Include="..\CommenCode\idMath\math\Plane.h">
      <Filter>math</Filter>
    </ClInclude>
    <ClInclude Include="..\CommenCode\idMath\math\Quat.h">
      <Filter>math</Filter>
    </ClInclude>
    <ClInclude Include="..\CommenCode\idMath\math\Random.h">
      <Filter>math</Filter>
    </ClInclude>
    <ClInclude Include="..\CommenCode\idMath\math\Rotation.h">
      <Filter>math</Filter>
    </ClInclude>
    <ClInclude Include="..\CommenCode\idMath\math\Simd.h">
      <Filter>math</Filter>
    </ClInclude>
    <ClInclude Include="..\CommenCode\idMath\math\Simd_3DNow.h">
      <Filter>math</Filter>
    </ClInclude>
    <ClInclude Include="..\CommenCode\idMath\math\Simd_Generic.h">
      <Filter>math</Filter>
    </ClInclude>
    <ClInclude Include="..\CommenCode\idMath\math\Simd_MMX.h">
      <Filter>math</Filter>
    </ClInclude>
    <ClInclude Include="..\CommenCode\idMath\math\Simd_SSE.h">
      <Filter>math</Filter>
    </ClInclude>
    <ClInclude Include="..\CommenCode\idMath\math\Simd_SSE2.h">
      <Filter>math</Filter>
    </ClInclude>
    <ClInclude Include="..\CommenCode\idMath\math\Simd_SSE3.h">
      <Filter>math</Filter>
    </ClInclude>
    <ClInclude Include="..\CommenCode\idMath\math\Vector.h">
      <Filter>math</Filter>
    </ClInclude>
    <ClInclude Include="..\CommenCode\idMath\geometry\DrawVert.h">
      <Filter>math</Filter>
    </ClInclude>
    <ClInclude Include="..\CommenCode\idMath\geometry\JointTransform.h">
      <Filter>math</Filter>
    </ClInclude>
    <ClInclude Include="..\CommenCode\idMath\containers\BTree.h">
      <Filter>math</Filter>
    </ClInclude>
    <ClInclude Include="..\Engine\include\Mesh.h">
      <Filter>Resource</Filter>
    </ClInclude>
    <ClInclude Include="..\Engine\include\Model.h">
      <Filter>Resource</Filter>
    </ClInclude>
    <ClInclude Include="..\Engine\include\D3DIndexBuffer.h">
      <Filter>Resource</Filter>
    </ClInclude>
    <ClInclude Include="..\Engine\include\D3dVertexBuffer.h">
      <Filter>Resource</Filter>
    </ClInclude>
    <ClInclude Include="..\Engine\include\HardWareIndexBuffer.h">
      <Filter>Resource</Filter>
    </ClInclude>
    <ClInclude Include="..\Engine\include\HardWareVerteBuffer.h">
      <Filter>Resource</Filter>
    </ClInclude>
    <ClInclude Include="..\Engine\include\Material.h">
      <Filter>Resource</Filter>
    </ClInclude>
    <ClInclude Include="..\Engine\include\Resource.h">
      <Filter>Resource</Filter>
    </ClInclude>
    <ClInclude Include="..\Engine\engine_interface.h">
      <Filter>Impl</Filter>
    </ClInclude>
    <ClInclude Include="..\Engine\Impl\IStaticModelImpl.h">
      <Filter>Impl</Filter>
    </ClInclude>
    <ClInclude Include="..\Engine\Impl\IRenderImpl.h">
      <Filter>Impl</Filter>
    </ClInclude>
    <ClInclude Include="..\Engine\SceneManager.h">
      <Filter>Impl</Filter>
    </ClInclude>
    <ClInclude Include="..\Engine\include\GeometryResource.h">
      <Filter>Resource</Filter>
    </ClInclude>
    <ClInclude Include="..\Engine\include\GeometryProcessor.h">
      <Filter>Resource</Filter>
    </ClInclude>
    <ClInclude Include="..\Engine\include\NvAseUtil.h">
      <Filter>Resource</Filter>
    </ClInclude>
    <ClInclude Include="..\Engine\D3DDefine.h">
      <Filter>RendSystem</Filter>
    </ClInclude>
    <ClInclude Include="..\Engine\Head.h">
      <Filter>Resource</Filter>
    </ClInclude>
  </ItemGroup>
  <ItemGroup>
    <ClCompile Include="..\AppBase\DxWindown.cpp">
      <Filter>源文件\AppBase</Filter>
    </ClCompile>
    <ClCompile Include="..\AppBase\Win32MsgBox.cpp">
      <Filter>源文件\AppBase</Filter>
    </ClCompile>
    <ClCompile Include="..\AppBase\DxApp.cpp">
      <Filter>源文件\AppBase</Filter>
    </ClCompile>
    <ClCompile Include="main.cpp">
      <Filter>源文件</Filter>
    </ClCompile>
    <ClCompile Include="..\D3D\D3DUitil.cpp">
      <Filter>源文件\DX</Filter>
    </ClCompile>
    <ClCompile Include="..\Log\ErrorInfo.cpp">
      <Filter>源文件\Log</Filter>
    </ClCompile>
    <ClCompile Include="..\camera\CamaraBase.cpp">
      <Filter>源文件\Camera</Filter>
    </ClCompile>
    <ClCompile Include="..\camera\FPSCamera.cpp">
      <Filter>源文件\Camera</Filter>
    </ClCompile>
    <ClCompile Include="..\CommenCode\InPut\DXInPutManager.cpp">
      <Filter>源文件\InPut</Filter>
    </ClCompile>
    <ClCompile Include="..\CommenCode\Util\FileOperation.cpp">
      <Filter>源文件\Util</Filter>
    </ClCompile>
    <ClCompile Include="..\D3D\D3DXMesh.cpp">
      <Filter>源文件\DX</Filter>
    </ClCompile>
    <ClCompile Include="..\D3D\Terrain.cpp">
      <Filter>源文件\DX</Filter>
    </ClCompile>
    <ClCompile Include="..\D3D\SkyBox.cpp">
      <Filter>源文件\DX</Filter>
    </ClCompile>
    <ClCompile Include="..\Game\GameApp.cpp">
      <Filter>源文件</Filter>
    </ClCompile>
    <ClCompile Include="..\D3D\DXFront.cpp">
      <Filter>源文件\DX</Filter>
    </ClCompile>
    <ClCompile Include="..\D3D\Particle.cpp">
      <Filter>源文件\DX</Filter>
    </ClCompile>
    <ClCompile Include="..\DxGlobal\DxGlobal.cpp">
      <Filter>源文件\Global</Filter>
    </ClCompile>
    <ClCompile Include="..\AppBase\GlobalConfig.cpp">
      <Filter>源文件\Global</Filter>
    </ClCompile>
    <ClCompile Include="..\NV\nv_ase.cpp">
      <Filter>Resource</Filter>
    </ClCompile>
    <ClCompile Include="..\CommenCode\idMath\Heap.cpp">
      <Filter>math</Filter>
    </ClCompile>
    <ClCompile Include="..\CommenCode\idMath\Str.cpp">
      <Filter>math</Filter>
    </ClCompile>
    <ClCompile Include="..\CommenCode\idMath\math\Angles.cpp">
      <Filter>math</Filter>
    </ClCompile>
    <ClCompile Include="..\CommenCode\idMath\math\cpuid.cpp">
      <Filter>math</Filter>
    </ClCompile>
    <ClCompile Include="..\CommenCode\idMath\math\IDLIB.cpp">
      <Filter>math</Filter>
    </ClCompile>
    <ClCompile Include="..\CommenCode\idMath\math\Math.cpp">
      <Filter>math</Filter>
    </ClCompile>
    <ClCompile Include="..\CommenCode\idMath\math\Matrix.cpp">
      <Filter>math</Filter>
    </ClCompile>
    <ClCompile Include="..\CommenCode\idMath\math\Plane.cpp">
      <Filter>math</Filter>
    </ClCompile>
    <ClCompile Include="..\CommenCode\idMath\math\Quat.cpp">
      <Filter>math</Filter>
    </ClCompile>
    <ClCompile Include="..\CommenCode\idMath\math\Rotation.cpp">
      <Filter>math</Filter>
    </ClCompile>
    <ClCompile Include="..\CommenCode\idMath\math\Simd.cpp">
      <Filter>math</Filter>
    </ClCompile>
    <ClCompile Include="..\CommenCode\idMath\math\Simd_3DNow.cpp">
      <Filter>math</Filter>
    </ClCompile>
    <ClCompile Include="..\CommenCode\idMath\math\Simd_Generic.cpp">
      <Filter>math</Filter>
    </ClCompile>
    <ClCompile Include="..\CommenCode\idMath\math\Simd_MMX.cpp">
      <Filter>math</Filter>
    </ClCompile>
    <ClCompile Include="..\CommenCode\idMath\math\Simd_SSE.cpp">
      <Filter>math</Filter>
    </ClCompile>
    <ClCompile Include="..\CommenCode\idMath\math\Simd_SSE2.cpp">
      <Filter>math</Filter>
    </ClCompile>
    <ClCompile Include="..\CommenCode\idMath\math\Simd_SSE3.cpp">
      <Filter>math</Filter>
    </ClCompile>
    <ClCompile Include="..\CommenCode\idMath\math\Vector.cpp">
      <Filter>math</Filter>
    </ClCompile>
    <ClCompile Include="..\CommenCode\idMath\geometry\DrawVert.cpp">
      <Filter>math</Filter>
    </ClCompile>
    <ClCompile Include="..\CommenCode\idMath\geometry\JointTransform.cpp">
      <Filter>math</Filter>
    </ClCompile>
    <ClCompile Include="..\Engine\SceneManager.cpp">
      <Filter>Impl</Filter>
    </ClCompile>
    <ClCompile Include="..\Engine\Impl\IRenderImpl.cpp">
      <Filter>Impl</Filter>
    </ClCompile>
    <ClCompile Include="..\Engine\src\GeometryResource.cpp">
      <Filter>Resource</Filter>
    </ClCompile>
    <ClCompile Include="..\Engine\src\GeometryProcessor.cpp">
      <Filter>Resource</Filter>
    </ClCompile>
    <ClCompile Include="..\Engine\src\NvAseUtil.cpp">
      <Filter>Resource</Filter>
    </ClCompile>
    <ClCompile Include="..\Engine\src\Mesh.cpp">
      <Filter>Resource</Filter>
    </ClCompile>
  </ItemGroup>
</Project>